
Microsoft Visual Studio Solution File, Format Version 12.00
# Visual Studio Version 17
VisualStudioVersion = 17.9.34714.143
MinimumVisualStudioVersion = 10.0.40219.1
Project("{2150E333-8FDC-42A3-9474-1A3956D46DE8}") = "Services", "Services", "{8FC552CB-12E2-4E34-A8D1-185A11CE608F}"
EndProject
Project("{2150E333-8FDC-42A3-9474-1A3956D46DE8}") = "FrontEnd", "FrontEnd", "{3A0FE09B-3A91-46B7-B429-501D087E9245}"
EndProject
Project("{2150E333-8FDC-42A3-9474-1A3956D46DE8}") = "Integration", "Integration", "{5869DD8A-6C24-4696-BD0F-B95A092765E1}"
EndProject
Project("{2150E333-8FDC-42A3-9474-1A3956D46DE8}") = "ApiGetway", "ApiGetway", "{6912E585-C62B-4615-881E-B6750970AD7C}"
EndProject
Project("{2150E333-8FDC-42A3-9474-1A3956D46DE8}") = "UserService", "UserService", "{B7DB44D1-9CD1-405E-96AD-8251A2F6EA6E}"
EndProject
Project("{9A19103F-16F7-4668-BE54-9A1E7A4F7556}") = "UserService.API", "UserService.API\UserService.API.csproj", "{CA24D012-0C95-4BCA-81A7-97B9EF577BCD}"
EndProject
Project("{9A19103F-16F7-4668-BE54-9A1E7A4F7556}") = "UserService.Common", "UserService.Common\UserService.Common.csproj", "{2934F480-859A-48F4-9156-B4D9B08BC3AA}"
EndProject
Project("{9A19103F-16F7-4668-BE54-9A1E7A4F7556}") = "UserService.Database", "UserService.Database\UserService.Database.csproj", "{1CC45670-ECDD-4920-9870-6F95A67CB802}"
EndProject
Project("{9A19103F-16F7-4668-BE54-9A1E7A4F7556}") = "UserService.Repository", "UserService.Repository\UserService.Repository.csproj", "{B9D4E93C-D305-4C8A-ADD7-BE8B85569078}"
EndProject
Project("{9A19103F-16F7-4668-BE54-9A1E7A4F7556}") = "UserService.Repository.Intention", "UserService.Repository.Intention\UserService.Repository.Intention.csproj", "{77E10DFB-49CE-4488-B2ED-531B2162DB41}"
EndProject
Project("{9A19103F-16F7-4668-BE54-9A1E7A4F7556}") = "UserService.Service", "UserService.Service\UserService.Service.csproj", "{67113830-2837-43B9-B4F5-52F93CCE9D87}"
EndProject
Project("{9A19103F-16F7-4668-BE54-9A1E7A4F7556}") = "UserService.Service.Intention", "UserService.Service.Intention\UserService.Service.Intention.csproj", "{215D8256-113B-4DB8-B387-FCF45FE73AC2}"
EndProject
Project("{9A19103F-16F7-4668-BE54-9A1E7A4F7556}") = "ReverseProxy", "ReverseProxy\ReverseProxy.csproj", "{18237BA3-76AF-4905-B0CF-085E3AB381D5}"
EndProject
Project("{2150E333-8FDC-42A3-9474-1A3956D46DE8}") = "RoomService", "RoomService", "{1EC2763F-B62D-4721-9FF9-C77620B5692F}"
EndProject
Project("{9A19103F-16F7-4668-BE54-9A1E7A4F7556}") = "RoomManagement.API", "Room.API\RoomManagement.API.csproj", "{D2469966-1E42-46E5-A21E-30427E0A9F7F}"
EndProject
Project("{9A19103F-16F7-4668-BE54-9A1E7A4F7556}") = "RoomManagement.Database", "Room.Database\RoomManagement.Database.csproj", "{DE83F19A-8FFE-40B4-8FE2-29F93C457CF1}"
EndProject
Project("{9A19103F-16F7-4668-BE54-9A1E7A4F7556}") = "RoomManagement.Repository", "Room.Repository\RoomManagement.Repository.csproj", "{E1D9EED3-92DF-492F-993C-8C8097E29B4C}"
EndProject
Project("{9A19103F-16F7-4668-BE54-9A1E7A4F7556}") = "RoomManagement.Service", "Room.Service\RoomManagement.Service.csproj", "{68DD1855-6B38-4681-921A-F45D26DF7B9B}"
EndProject
Project("{2150E333-8FDC-42A3-9474-1A3956D46DE8}") = "src", "src", "{CA938656-94F3-49FD-A5AA-FD17C4126F53}"
EndProject
Project("{2150E333-8FDC-42A3-9474-1A3956D46DE8}") = "Commons", "Commons", "{5B92D856-3353-4E09-BD87-058362B351D5}"
EndProject
Project("{9A19103F-16F7-4668-BE54-9A1E7A4F7556}") = "Common", "Common\Common.csproj", "{45197479-05D1-40D0-B59A-44CF313D74AD}"
EndProject
Global
	GlobalSection(SolutionConfigurationPlatforms) = preSolution
		Debug|Any CPU = Debug|Any CPU
		Release|Any CPU = Release|Any CPU
	EndGlobalSection
	GlobalSection(ProjectConfigurationPlatforms) = postSolution
		{CA24D012-0C95-4BCA-81A7-97B9EF577BCD}.Debug|Any CPU.ActiveCfg = Debug|Any CPU
		{CA24D012-0C95-4BCA-81A7-97B9EF577BCD}.Debug|Any CPU.Build.0 = Debug|Any CPU
		{CA24D012-0C95-4BCA-81A7-97B9EF577BCD}.Release|Any CPU.ActiveCfg = Release|Any CPU
		{CA24D012-0C95-4BCA-81A7-97B9EF577BCD}.Release|Any CPU.Build.0 = Release|Any CPU
		{2934F480-859A-48F4-9156-B4D9B08BC3AA}.Debug|Any CPU.ActiveCfg = Debug|Any CPU
		{2934F480-859A-48F4-9156-B4D9B08BC3AA}.Debug|Any CPU.Build.0 = Debug|Any CPU
		{2934F480-859A-48F4-9156-B4D9B08BC3AA}.Release|Any CPU.ActiveCfg = Release|Any CPU
		{2934F480-859A-48F4-9156-B4D9B08BC3AA}.Release|Any CPU.Build.0 = Release|Any CPU
		{1CC45670-ECDD-4920-9870-6F95A67CB802}.Debug|Any CPU.ActiveCfg = Debug|Any CPU
		{1CC45670-ECDD-4920-9870-6F95A67CB802}.Debug|Any CPU.Build.0 = Debug|Any CPU
		{1CC45670-ECDD-4920-9870-6F95A67CB802}.Release|Any CPU.ActiveCfg = Release|Any CPU
		{1CC45670-ECDD-4920-9870-6F95A67CB802}.Release|Any CPU.Build.0 = Release|Any CPU
		{B9D4E93C-D305-4C8A-ADD7-BE8B85569078}.Debug|Any CPU.ActiveCfg = Debug|Any CPU
		{B9D4E93C-D305-4C8A-ADD7-BE8B85569078}.Debug|Any CPU.Build.0 = Debug|Any CPU
		{B9D4E93C-D305-4C8A-ADD7-BE8B85569078}.Release|Any CPU.ActiveCfg = Release|Any CPU
		{B9D4E93C-D305-4C8A-ADD7-BE8B85569078}.Release|Any CPU.Build.0 = Release|Any CPU
		{77E10DFB-49CE-4488-B2ED-531B2162DB41}.Debug|Any CPU.ActiveCfg = Debug|Any CPU
		{77E10DFB-49CE-4488-B2ED-531B2162DB41}.Debug|Any CPU.Build.0 = Debug|Any CPU
		{77E10DFB-49CE-4488-B2ED-531B2162DB41}.Release|Any CPU.ActiveCfg = Release|Any CPU
		{77E10DFB-49CE-4488-B2ED-531B2162DB41}.Release|Any CPU.Build.0 = Release|Any CPU
		{67113830-2837-43B9-B4F5-52F93CCE9D87}.Debug|Any CPU.ActiveCfg = Debug|Any CPU
		{67113830-2837-43B9-B4F5-52F93CCE9D87}.Debug|Any CPU.Build.0 = Debug|Any CPU
		{67113830-2837-43B9-B4F5-52F93CCE9D87}.Release|Any CPU.ActiveCfg = Release|Any CPU
		{67113830-2837-43B9-B4F5-52F93CCE9D87}.Release|Any CPU.Build.0 = Release|Any CPU
		{215D8256-113B-4DB8-B387-FCF45FE73AC2}.Debug|Any CPU.ActiveCfg = Debug|Any CPU
		{215D8256-113B-4DB8-B387-FCF45FE73AC2}.Debug|Any CPU.Build.0 = Debug|Any CPU
		{215D8256-113B-4DB8-B387-FCF45FE73AC2}.Release|Any CPU.ActiveCfg = Release|Any CPU
		{215D8256-113B-4DB8-B387-FCF45FE73AC2}.Release|Any CPU.Build.0 = Release|Any CPU
		{18237BA3-76AF-4905-B0CF-085E3AB381D5}.Debug|Any CPU.ActiveCfg = Debug|Any CPU
		{18237BA3-76AF-4905-B0CF-085E3AB381D5}.Debug|Any CPU.Build.0 = Debug|Any CPU
		{18237BA3-76AF-4905-B0CF-085E3AB381D5}.Release|Any CPU.ActiveCfg = Release|Any CPU
		{18237BA3-76AF-4905-B0CF-085E3AB381D5}.Release|Any CPU.Build.0 = Release|Any CPU
		{D2469966-1E42-46E5-A21E-30427E0A9F7F}.Debug|Any CPU.ActiveCfg = Debug|Any CPU
		{D2469966-1E42-46E5-A21E-30427E0A9F7F}.Debug|Any CPU.Build.0 = Debug|Any CPU
		{D2469966-1E42-46E5-A21E-30427E0A9F7F}.Release|Any CPU.ActiveCfg = Release|Any CPU
		{D2469966-1E42-46E5-A21E-30427E0A9F7F}.Release|Any CPU.Build.0 = Release|Any CPU
		{DE83F19A-8FFE-40B4-8FE2-29F93C457CF1}.Debug|Any CPU.ActiveCfg = Debug|Any CPU
		{DE83F19A-8FFE-40B4-8FE2-29F93C457CF1}.Debug|Any CPU.Build.0 = Debug|Any CPU
		{DE83F19A-8FFE-40B4-8FE2-29F93C457CF1}.Release|Any CPU.ActiveCfg = Release|Any CPU
		{DE83F19A-8FFE-40B4-8FE2-29F93C457CF1}.Release|Any CPU.Build.0 = Release|Any CPU
		{E1D9EED3-92DF-492F-993C-8C8097E29B4C}.Debug|Any CPU.ActiveCfg = Debug|Any CPU
		{E1D9EED3-92DF-492F-993C-8C8097E29B4C}.Debug|Any CPU.Build.0 = Debug|Any CPU
		{E1D9EED3-92DF-492F-993C-8C8097E29B4C}.Release|Any CPU.ActiveCfg = Release|Any CPU
		{E1D9EED3-92DF-492F-993C-8C8097E29B4C}.Release|Any CPU.Build.0 = Release|Any CPU
		{68DD1855-6B38-4681-921A-F45D26DF7B9B}.Debug|Any CPU.ActiveCfg = Debug|Any CPU
		{68DD1855-6B38-4681-921A-F45D26DF7B9B}.Debug|Any CPU.Build.0 = Debug|Any CPU
		{68DD1855-6B38-4681-921A-F45D26DF7B9B}.Release|Any CPU.ActiveCfg = Release|Any CPU
		{68DD1855-6B38-4681-921A-F45D26DF7B9B}.Release|Any CPU.Build.0 = Release|Any CPU
		{45197479-05D1-40D0-B59A-44CF313D74AD}.Debug|Any CPU.ActiveCfg = Debug|Any CPU
		{45197479-05D1-40D0-B59A-44CF313D74AD}.Debug|Any CPU.Build.0 = Debug|Any CPU
		{45197479-05D1-40D0-B59A-44CF313D74AD}.Release|Any CPU.ActiveCfg = Release|Any CPU
		{45197479-05D1-40D0-B59A-44CF313D74AD}.Release|Any CPU.Build.0 = Release|Any CPU
	EndGlobalSection
	GlobalSection(SolutionProperties) = preSolution
		HideSolutionNode = FALSE
	EndGlobalSection
	GlobalSection(NestedProjects) = preSolution
		{8FC552CB-12E2-4E34-A8D1-185A11CE608F} = {CA938656-94F3-49FD-A5AA-FD17C4126F53}
		{B7DB44D1-9CD1-405E-96AD-8251A2F6EA6E} = {8FC552CB-12E2-4E34-A8D1-185A11CE608F}
		{CA24D012-0C95-4BCA-81A7-97B9EF577BCD} = {B7DB44D1-9CD1-405E-96AD-8251A2F6EA6E}
		{2934F480-859A-48F4-9156-B4D9B08BC3AA} = {B7DB44D1-9CD1-405E-96AD-8251A2F6EA6E}
		{1CC45670-ECDD-4920-9870-6F95A67CB802} = {B7DB44D1-9CD1-405E-96AD-8251A2F6EA6E}
		{B9D4E93C-D305-4C8A-ADD7-BE8B85569078} = {B7DB44D1-9CD1-405E-96AD-8251A2F6EA6E}
		{77E10DFB-49CE-4488-B2ED-531B2162DB41} = {B7DB44D1-9CD1-405E-96AD-8251A2F6EA6E}
		{67113830-2837-43B9-B4F5-52F93CCE9D87} = {B7DB44D1-9CD1-405E-96AD-8251A2F6EA6E}
		{215D8256-113B-4DB8-B387-FCF45FE73AC2} = {B7DB44D1-9CD1-405E-96AD-8251A2F6EA6E}
		{18237BA3-76AF-4905-B0CF-085E3AB381D5} = {6912E585-C62B-4615-881E-B6750970AD7C}
		{1EC2763F-B62D-4721-9FF9-C77620B5692F} = {8FC552CB-12E2-4E34-A8D1-185A11CE608F}
		{D2469966-1E42-46E5-A21E-30427E0A9F7F} = {1EC2763F-B62D-4721-9FF9-C77620B5692F}
		{DE83F19A-8FFE-40B4-8FE2-29F93C457CF1} = {1EC2763F-B62D-4721-9FF9-C77620B5692F}
		{E1D9EED3-92DF-492F-993C-8C8097E29B4C} = {1EC2763F-B62D-4721-9FF9-C77620B5692F}
		{68DD1855-6B38-4681-921A-F45D26DF7B9B} = {1EC2763F-B62D-4721-9FF9-C77620B5692F}
		{5B92D856-3353-4E09-BD87-058362B351D5} = {CA938656-94F3-49FD-A5AA-FD17C4126F53}
		{45197479-05D1-40D0-B59A-44CF313D74AD} = {5B92D856-3353-4E09-BD87-058362B351D5}
	EndGlobalSection
	GlobalSection(ExtensibilityGlobals) = postSolution
		SolutionGuid = {30857F31-6E2E-4162-A159-18930235018E}
	EndGlobalSection
EndGlobal
